
Microsoft Visual Studio Solution File, Format Version 12.00
# Visual Studio Version 16
VisualStudioVersion = 16.0.31402.337
MinimumVisualStudioVersion = 10.0.40219.1
Project("{9A19103F-16F7-4668-BE54-9A1E7A4F7556}") = "BackendLib", "BackendLib\BackendLib.csproj", "{22214029-EC00-418E-9AEA-FB15DEEE2F27}"
EndProject
Project("{9A19103F-16F7-4668-BE54-9A1E7A4F7556}") = "SludgeFunctions", "SludgeFunctions\SludgeFunctions.csproj", "{4171DBE1-EBEE-4A91-94DA-2C6D568806CC}"
EndProject
Global
	GlobalSection(SolutionConfigurationPlatforms) = preSolution
		Debug|Any CPU = Debug|Any CPU
		Release|Any CPU = Release|Any CPU
	EndGlobalSection
	GlobalSection(ProjectConfigurationPlatforms) = postSolution
		{22214029-EC00-418E-9AEA-FB15DEEE2F27}.Debug|Any CPU.ActiveCfg = Debug|Any CPU
		{22214029-EC00-418E-9AEA-FB15DEEE2F27}.Debug|Any CPU.Build.0 = Debug|Any CPU
		{22214029-EC00-418E-9AEA-FB15DEEE2F27}.Release|Any CPU.ActiveCfg = Release|Any CPU
		{22214029-EC00-418E-9AEA-FB15DEEE2F27}.Release|Any CPU.Build.0 = Release|Any CPU
		{4171DBE1-EBEE-4A91-94DA-2C6D568806CC}.Debug|Any CPU.ActiveCfg = Debug|Any CPU
		{4171DBE1-EBEE-4A91-94DA-2C6D568806CC}.Debug|Any CPU.Build.0 = Debug|Any CPU
		{4171DBE1-EBEE-4A91-94DA-2C6D568806CC}.Release|Any CPU.ActiveCfg = Release|Any CPU
		{4171DBE1-EBEE-4A91-94DA-2C6D568806CC}.Release|Any CPU.Build.0 = Release|Any CPU
	EndGlobalSection
	GlobalSection(SolutionProperties) = preSolution
		HideSolutionNode = FALSE
	EndGlobalSection
	GlobalSection(ExtensibilityGlobals) = postSolution
		SolutionGuid = {E1DFA8D8-0539-480E-AB60-DC7E3AD3376B}
	EndGlobalSection
EndGlobal
